{
  "name": "acucraft",
  "lockfileVersion": 3,
  "requires": true,
  "packages": {
    "": {
      "dependencies": {
        "@yohns/picocss": "^2.2.2"
      }
    },
    "node_modules/@yohns/picocss": {
      "version": "2.2.2",
      "resolved": "https://registry.npmjs.org/@yohns/picocss/-/picocss-2.2.2.tgz",
      "integrity": "sha512-1ZlqRRiaR3dxtba73O9E3LOXxRyuTTL28mW308b4zE02DYLvflUNuG9VISiJg51/ocIGCjMRiNnDcFaEjDh2rg==",
      "engines": {
        "node": ">=20"
      }
    }
  }
}
